
Microsoft Visual Studio Solution File, Format Version 12.00
# Visual Studio Version 16
VisualStudioVersion = 16.0.29006.145
MinimumVisualStudioVersion = 10.0.40219.1
Project("{FAE04EC0-301F-11D3-BF4B-00C04F79EFBC}") = "MF_1000FramesInThread", "MF_1000FramesInThread\MF_1000FramesInThread.csproj", "{8CEB2FB6-CF73-4E17-B455-DBE4CBC3D5E0}"
EndProject
Project("{FAE04EC0-301F-11D3-BF4B-00C04F79EFBC}") = "!MF_Constructor", "!MF_Constructor\!MF_Constructor.csproj", "{838C13CD-C874-44FB-AEC2-AB8A2C190F0B}"
EndProject
Project("{FAE04EC0-301F-11D3-BF4B-00C04F79EFBC}") = "MF_24prev", "MF_24mos\MF_24prev.csproj", "{B5ACE2F1-0FE4-455B-8283-EB8C99CF549C}"
EndProject
Project("{FAE04EC0-301F-11D3-BF4B-00C04F79EFBC}") = "MF_1000Frames", "MF_1000Frames\MF_1000Frames.csproj", "{4CCC7CE0-4E68-4BE5-8341-3C200F0B45B3}"
EndProject
Project("{FAE04EC0-301F-11D3-BF4B-00C04F79EFBC}") = "MF_ConvertIssue32631", "MF_ConvertIssue32631\MF_ConvertIssue32631.csproj", "{74237B10-7088-4F22-B596-D1E5B737DD19}"
EndProject
Project("{FAE04EC0-301F-11D3-BF4B-00C04F79EFBC}") = "MF_DVB", "MF_DVB\MF_DVB.csproj", "{0AA9D6FE-FC7B-4E18-B535-F256878AC303}"
EndProject
Project("{FAE04EC0-301F-11D3-BF4B-00C04F79EFBC}") = "MF_FewEncodersTest", "MF_FewEncodersTest\MF_FewEncodersTest.csproj", "{EB552391-B0E4-4BBE-A575-F5B002919608}"
EndProject
Project("{FAE04EC0-301F-11D3-BF4B-00C04F79EFBC}") = "MF_GetProperties", "MF_GetProperties\MF_GetProperties.csproj", "{DAC62F86-6814-45FB-B1A3-F032B556475F}"
EndProject
Project("{FAE04EC0-301F-11D3-BF4B-00C04F79EFBC}") = "MF_Live+AudioOverlay", "MF_Live+AudioOverlay\MF_Live+AudioOverlay.csproj", "{CE6A0813-02F5-4152-87B2-97B6AC24E184}"
EndProject
Project("{FAE04EC0-301F-11D3-BF4B-00C04F79EFBC}") = "MF_ticket31671", "MF_ticket31671\MF_ticket31671.csproj", "{65859EF2-7832-4A81-A38A-57D8BBA3E894}"
EndProject
Project("{FAE04EC0-301F-11D3-BF4B-00C04F79EFBC}") = "MF_WPFticket31671", "MF_WPFticket31671\MF_WPFticket31671.csproj", "{FE489686-EA38-4449-8131-4AB8D2EFF7E1}"
EndProject
Project("{FAE04EC0-301F-11D3-BF4B-00C04F79EFBC}") = "MF_WriterChange", "MF_WriterChange\MF_WriterChange.csproj", "{39342A91-3C18-4F5B-8C7C-EB31A7E3563D}"
EndProject
Project("{FAE04EC0-301F-11D3-BF4B-00C04F79EFBC}") = "MF_WriterTest", "MF_WriterTest\MF_WriterTest.csproj", "{A07F55E3-BC58-40E8-9135-0B8041CC0700}"
EndProject
Project("{FAE04EC0-301F-11D3-BF4B-00C04F79EFBC}") = "MFOverlayRect", "MFOverlayRect\MFOverlayRect.csproj", "{5257EC2A-BF1E-4F7C-8E3E-69204ADDE22D}"
EndProject
Project("{FAE04EC0-301F-11D3-BF4B-00C04F79EFBC}") = "MF_3TmeLines_Sample File Playback", "MF_3TmeLines_Sample File Playback\MF_3TmeLines_Sample File Playback.csproj", "{C8AFFE8C-3ECD-411B-B2B7-91CE24DEF7B7}"
EndProject
Global
	GlobalSection(SolutionConfigurationPlatforms) = preSolution
		Debug|Any CPU = Debug|Any CPU
		Debug|x64 = Debug|x64
		Debug|x86 = Debug|x86
		Release|Any CPU = Release|Any CPU
		Release|x64 = Release|x64
		Release|x86 = Release|x86
	EndGlobalSection
	GlobalSection(ProjectConfigurationPlatforms) = postSolution
		{8CEB2FB6-CF73-4E17-B455-DBE4CBC3D5E0}.Debug|Any CPU.ActiveCfg = Debug|Any CPU
		{8CEB2FB6-CF73-4E17-B455-DBE4CBC3D5E0}.Debug|Any CPU.Build.0 = Debug|Any CPU
		{8CEB2FB6-CF73-4E17-B455-DBE4CBC3D5E0}.Debug|x64.ActiveCfg = Debug|x64
		{8CEB2FB6-CF73-4E17-B455-DBE4CBC3D5E0}.Debug|x64.Build.0 = Debug|x64
		{8CEB2FB6-CF73-4E17-B455-DBE4CBC3D5E0}.Debug|x86.ActiveCfg = Debug|x86
		{8CEB2FB6-CF73-4E17-B455-DBE4CBC3D5E0}.Debug|x86.Build.0 = Debug|x86
		{8CEB2FB6-CF73-4E17-B455-DBE4CBC3D5E0}.Release|Any CPU.ActiveCfg = Release|Any CPU
		{8CEB2FB6-CF73-4E17-B455-DBE4CBC3D5E0}.Release|Any CPU.Build.0 = Release|Any CPU
		{8CEB2FB6-CF73-4E17-B455-DBE4CBC3D5E0}.Release|x64.ActiveCfg = Release|x64
		{8CEB2FB6-CF73-4E17-B455-DBE4CBC3D5E0}.Release|x64.Build.0 = Release|x64
		{8CEB2FB6-CF73-4E17-B455-DBE4CBC3D5E0}.Release|x86.ActiveCfg = Release|Any CPU
		{8CEB2FB6-CF73-4E17-B455-DBE4CBC3D5E0}.Release|x86.Build.0 = Release|Any CPU
		{838C13CD-C874-44FB-AEC2-AB8A2C190F0B}.Debug|Any CPU.ActiveCfg = Debug|Any CPU
		{838C13CD-C874-44FB-AEC2-AB8A2C190F0B}.Debug|Any CPU.Build.0 = Debug|Any CPU
		{838C13CD-C874-44FB-AEC2-AB8A2C190F0B}.Debug|x64.ActiveCfg = Debug|Any CPU
		{838C13CD-C874-44FB-AEC2-AB8A2C190F0B}.Debug|x64.Build.0 = Debug|Any CPU
		{838C13CD-C874-44FB-AEC2-AB8A2C190F0B}.Debug|x86.ActiveCfg = Debug|Any CPU
		{838C13CD-C874-44FB-AEC2-AB8A2C190F0B}.Debug|x86.Build.0 = Debug|Any CPU
		{838C13CD-C874-44FB-AEC2-AB8A2C190F0B}.Release|Any CPU.ActiveCfg = Release|Any CPU
		{838C13CD-C874-44FB-AEC2-AB8A2C190F0B}.Release|Any CPU.Build.0 = Release|Any CPU
		{838C13CD-C874-44FB-AEC2-AB8A2C190F0B}.Release|x64.ActiveCfg = Release|Any CPU
		{838C13CD-C874-44FB-AEC2-AB8A2C190F0B}.Release|x64.Build.0 = Release|Any CPU
		{838C13CD-C874-44FB-AEC2-AB8A2C190F0B}.Release|x86.ActiveCfg = Release|Any CPU
		{838C13CD-C874-44FB-AEC2-AB8A2C190F0B}.Release|x86.Build.0 = Release|Any CPU
		{B5ACE2F1-0FE4-455B-8283-EB8C99CF549C}.Debug|Any CPU.ActiveCfg = Debug|Any CPU
		{B5ACE2F1-0FE4-455B-8283-EB8C99CF549C}.Debug|Any CPU.Build.0 = Debug|Any CPU
		{B5ACE2F1-0FE4-455B-8283-EB8C99CF549C}.Debug|x64.ActiveCfg = Debug|Any CPU
		{B5ACE2F1-0FE4-455B-8283-EB8C99CF549C}.Debug|x64.Build.0 = Debug|Any CPU
		{B5ACE2F1-0FE4-455B-8283-EB8C99CF549C}.Debug|x86.ActiveCfg = Debug|Any CPU
		{B5ACE2F1-0FE4-455B-8283-EB8C99CF549C}.Debug|x86.Build.0 = Debug|Any CPU
		{B5ACE2F1-0FE4-455B-8283-EB8C99CF549C}.Release|Any CPU.ActiveCfg = Release|Any CPU
		{B5ACE2F1-0FE4-455B-8283-EB8C99CF549C}.Release|Any CPU.Build.0 = Release|Any CPU
		{B5ACE2F1-0FE4-455B-8283-EB8C99CF549C}.Release|x64.ActiveCfg = Release|Any CPU
		{B5ACE2F1-0FE4-455B-8283-EB8C99CF549C}.Release|x64.Build.0 = Release|Any CPU
		{B5ACE2F1-0FE4-455B-8283-EB8C99CF549C}.Release|x86.ActiveCfg = Release|Any CPU
		{B5ACE2F1-0FE4-455B-8283-EB8C99CF549C}.Release|x86.Build.0 = Release|Any CPU
		{4CCC7CE0-4E68-4BE5-8341-3C200F0B45B3}.Debug|Any CPU.ActiveCfg = Debug|Any CPU
		{4CCC7CE0-4E68-4BE5-8341-3C200F0B45B3}.Debug|Any CPU.Build.0 = Debug|Any CPU
		{4CCC7CE0-4E68-4BE5-8341-3C200F0B45B3}.Debug|x64.ActiveCfg = Debug|Any CPU
		{4CCC7CE0-4E68-4BE5-8341-3C200F0B45B3}.Debug|x64.Build.0 = Debug|Any CPU
		{4CCC7CE0-4E68-4BE5-8341-3C200F0B45B3}.Debug|x86.ActiveCfg = Debug|Any CPU
		{4CCC7CE0-4E68-4BE5-8341-3C200F0B45B3}.Debug|x86.Build.0 = Debug|Any CPU
		{4CCC7CE0-4E68-4BE5-8341-3C200F0B45B3}.Release|Any CPU.ActiveCfg = Release|Any CPU
		{4CCC7CE0-4E68-4BE5-8341-3C200F0B45B3}.Release|Any CPU.Build.0 = Release|Any CPU
		{4CCC7CE0-4E68-4BE5-8341-3C200F0B45B3}.Release|x64.ActiveCfg = Release|Any CPU
		{4CCC7CE0-4E68-4BE5-8341-3C200F0B45B3}.Release|x64.Build.0 = Release|Any CPU
		{4CCC7CE0-4E68-4BE5-8341-3C200F0B45B3}.Release|x86.ActiveCfg = Release|Any CPU
		{4CCC7CE0-4E68-4BE5-8341-3C200F0B45B3}.Release|x86.Build.0 = Release|Any CPU
		{74237B10-7088-4F22-B596-D1E5B737DD19}.Debug|Any CPU.ActiveCfg = Debug|Any CPU
		{74237B10-7088-4F22-B596-D1E5B737DD19}.Debug|Any CPU.Build.0 = Debug|Any CPU
		{74237B10-7088-4F22-B596-D1E5B737DD19}.Debug|x64.ActiveCfg = Debug|Any CPU
		{74237B10-7088-4F22-B596-D1E5B737DD19}.Debug|x64.Build.0 = Debug|Any CPU
		{74237B10-7088-4F22-B596-D1E5B737DD19}.Debug|x86.ActiveCfg = Debug|Any CPU
		{74237B10-7088-4F22-B596-D1E5B737DD19}.Debug|x86.Build.0 = Debug|Any CPU
		{74237B10-7088-4F22-B596-D1E5B737DD19}.Release|Any CPU.ActiveCfg = Release|Any CPU
		{74237B10-7088-4F22-B596-D1E5B737DD19}.Release|Any CPU.Build.0 = Release|Any CPU
		{74237B10-7088-4F22-B596-D1E5B737DD19}.Release|x64.ActiveCfg = Release|Any CPU
		{74237B10-7088-4F22-B596-D1E5B737DD19}.Release|x64.Build.0 = Release|Any CPU
		{74237B10-7088-4F22-B596-D1E5B737DD19}.Release|x86.ActiveCfg = Release|Any CPU
		{74237B10-7088-4F22-B596-D1E5B737DD19}.Release|x86.Build.0 = Release|Any CPU
		{0AA9D6FE-FC7B-4E18-B535-F256878AC303}.Debug|Any CPU.ActiveCfg = Debug|Any CPU
		{0AA9D6FE-FC7B-4E18-B535-F256878AC303}.Debug|Any CPU.Build.0 = Debug|Any CPU
		{0AA9D6FE-FC7B-4E18-B535-F256878AC303}.Debug|x64.ActiveCfg = Debug|Any CPU
		{0AA9D6FE-FC7B-4E18-B535-F256878AC303}.Debug|x64.Build.0 = Debug|Any CPU
		{0AA9D6FE-FC7B-4E18-B535-F256878AC303}.Debug|x86.ActiveCfg = Debug|Any CPU
		{0AA9D6FE-FC7B-4E18-B535-F256878AC303}.Debug|x86.Build.0 = Debug|Any CPU
		{0AA9D6FE-FC7B-4E18-B535-F256878AC303}.Release|Any CPU.ActiveCfg = Release|Any CPU
		{0AA9D6FE-FC7B-4E18-B535-F256878AC303}.Release|Any CPU.Build.0 = Release|Any CPU
		{0AA9D6FE-FC7B-4E18-B535-F256878AC303}.Release|x64.ActiveCfg = Release|Any CPU
		{0AA9D6FE-FC7B-4E18-B535-F256878AC303}.Release|x64.Build.0 = Release|Any CPU
		{0AA9D6FE-FC7B-4E18-B535-F256878AC303}.Release|x86.ActiveCfg = Release|Any CPU
		{0AA9D6FE-FC7B-4E18-B535-F256878AC303}.Release|x86.Build.0 = Release|Any CPU
		{EB552391-B0E4-4BBE-A575-F5B002919608}.Debug|Any CPU.ActiveCfg = Debug|Any CPU
		{EB552391-B0E4-4BBE-A575-F5B002919608}.Debug|Any CPU.Build.0 = Debug|Any CPU
		{EB552391-B0E4-4BBE-A575-F5B002919608}.Debug|x64.ActiveCfg = Debug|Any CPU
		{EB552391-B0E4-4BBE-A575-F5B002919608}.Debug|x64.Build.0 = Debug|Any CPU
		{EB552391-B0E4-4BBE-A575-F5B002919608}.Debug|x86.ActiveCfg = Debug|Any CPU
		{EB552391-B0E4-4BBE-A575-F5B002919608}.Debug|x86.Build.0 = Debug|Any CPU
		{EB552391-B0E4-4BBE-A575-F5B002919608}.Release|Any CPU.ActiveCfg = Release|Any CPU
		{EB552391-B0E4-4BBE-A575-F5B002919608}.Release|Any CPU.Build.0 = Release|Any CPU
		{EB552391-B0E4-4BBE-A575-F5B002919608}.Release|x64.ActiveCfg = Release|Any CPU
		{EB552391-B0E4-4BBE-A575-F5B002919608}.Release|x64.Build.0 = Release|Any CPU
		{EB552391-B0E4-4BBE-A575-F5B002919608}.Release|x86.ActiveCfg = Release|Any CPU
		{EB552391-B0E4-4BBE-A575-F5B002919608}.Release|x86.Build.0 = Release|Any CPU
		{DAC62F86-6814-45FB-B1A3-F032B556475F}.Debug|Any CPU.ActiveCfg = Debug|Any CPU
		{DAC62F86-6814-45FB-B1A3-F032B556475F}.Debug|Any CPU.Build.0 = Debug|Any CPU
		{DAC62F86-6814-45FB-B1A3-F032B556475F}.Debug|x64.ActiveCfg = Debug|Any CPU
		{DAC62F86-6814-45FB-B1A3-F032B556475F}.Debug|x64.Build.0 = Debug|Any CPU
		{DAC62F86-6814-45FB-B1A3-F032B556475F}.Debug|x86.ActiveCfg = Debug|Any CPU
		{DAC62F86-6814-45FB-B1A3-F032B556475F}.Debug|x86.Build.0 = Debug|Any CPU
		{DAC62F86-6814-45FB-B1A3-F032B556475F}.Release|Any CPU.ActiveCfg = Release|Any CPU
		{DAC62F86-6814-45FB-B1A3-F032B556475F}.Release|Any CPU.Build.0 = Release|Any CPU
		{DAC62F86-6814-45FB-B1A3-F032B556475F}.Release|x64.ActiveCfg = Release|Any CPU
		{DAC62F86-6814-45FB-B1A3-F032B556475F}.Release|x64.Build.0 = Release|Any CPU
		{DAC62F86-6814-45FB-B1A3-F032B556475F}.Release|x86.ActiveCfg = Release|Any CPU
		{DAC62F86-6814-45FB-B1A3-F032B556475F}.Release|x86.Build.0 = Release|Any CPU
		{CE6A0813-02F5-4152-87B2-97B6AC24E184}.Debug|Any CPU.ActiveCfg = Debug|Any CPU
		{CE6A0813-02F5-4152-87B2-97B6AC24E184}.Debug|Any CPU.Build.0 = Debug|Any CPU
		{CE6A0813-02F5-4152-87B2-97B6AC24E184}.Debug|x64.ActiveCfg = Debug|Any CPU
		{CE6A0813-02F5-4152-87B2-97B6AC24E184}.Debug|x64.Build.0 = Debug|Any CPU
		{CE6A0813-02F5-4152-87B2-97B6AC24E184}.Debug|x86.ActiveCfg = Debug|Any CPU
		{CE6A0813-02F5-4152-87B2-97B6AC24E184}.Debug|x86.Build.0 = Debug|Any CPU
		{CE6A0813-02F5-4152-87B2-97B6AC24E184}.Release|Any CPU.ActiveCfg = Release|Any CPU
		{CE6A0813-02F5-4152-87B2-97B6AC24E184}.Release|Any CPU.Build.0 = Release|Any CPU
		{CE6A0813-02F5-4152-87B2-97B6AC24E184}.Release|x64.ActiveCfg = Release|Any CPU
		{CE6A0813-02F5-4152-87B2-97B6AC24E184}.Release|x64.Build.0 = Release|Any CPU
		{CE6A0813-02F5-4152-87B2-97B6AC24E184}.Release|x86.ActiveCfg = Release|Any CPU
		{CE6A0813-02F5-4152-87B2-97B6AC24E184}.Release|x86.Build.0 = Release|Any CPU
		{65859EF2-7832-4A81-A38A-57D8BBA3E894}.Debug|Any CPU.ActiveCfg = Debug|Any CPU
		{65859EF2-7832-4A81-A38A-57D8BBA3E894}.Debug|Any CPU.Build.0 = Debug|Any CPU
		{65859EF2-7832-4A81-A38A-57D8BBA3E894}.Debug|x64.ActiveCfg = Debug|Any CPU
		{65859EF2-7832-4A81-A38A-57D8BBA3E894}.Debug|x64.Build.0 = Debug|Any CPU
		{65859EF2-7832-4A81-A38A-57D8BBA3E894}.Debug|x86.ActiveCfg = Debug|Any CPU
		{65859EF2-7832-4A81-A38A-57D8BBA3E894}.Debug|x86.Build.0 = Debug|Any CPU
		{65859EF2-7832-4A81-A38A-57D8BBA3E894}.Release|Any CPU.ActiveCfg = Release|Any CPU
		{65859EF2-7832-4A81-A38A-57D8BBA3E894}.Release|Any CPU.Build.0 = Release|Any CPU
		{65859EF2-7832-4A81-A38A-57D8BBA3E894}.Release|x64.ActiveCfg = Release|Any CPU
		{65859EF2-7832-4A81-A38A-57D8BBA3E894}.Release|x64.Build.0 = Release|Any CPU
		{65859EF2-7832-4A81-A38A-57D8BBA3E894}.Release|x86.ActiveCfg = Release|Any CPU
		{65859EF2-7832-4A81-A38A-57D8BBA3E894}.Release|x86.Build.0 = Release|Any CPU
		{FE489686-EA38-4449-8131-4AB8D2EFF7E1}.Debug|Any CPU.ActiveCfg = Debug|Any CPU
		{FE489686-EA38-4449-8131-4AB8D2EFF7E1}.Debug|Any CPU.Build.0 = Debug|Any CPU
		{FE489686-EA38-4449-8131-4AB8D2EFF7E1}.Debug|x64.ActiveCfg = Debug|Any CPU
		{FE489686-EA38-4449-8131-4AB8D2EFF7E1}.Debug|x64.Build.0 = Debug|Any CPU
		{FE489686-EA38-4449-8131-4AB8D2EFF7E1}.Debug|x86.ActiveCfg = Debug|Any CPU
		{FE489686-EA38-4449-8131-4AB8D2EFF7E1}.Debug|x86.Build.0 = Debug|Any CPU
		{FE489686-EA38-4449-8131-4AB8D2EFF7E1}.Release|Any CPU.ActiveCfg = Release|Any CPU
		{FE489686-EA38-4449-8131-4AB8D2EFF7E1}.Release|Any CPU.Build.0 = Release|Any CPU
		{FE489686-EA38-4449-8131-4AB8D2EFF7E1}.Release|x64.ActiveCfg = Release|Any CPU
		{FE489686-EA38-4449-8131-4AB8D2EFF7E1}.Release|x64.Build.0 = Release|Any CPU
		{FE489686-EA38-4449-8131-4AB8D2EFF7E1}.Release|x86.ActiveCfg = Release|Any CPU
		{FE489686-EA38-4449-8131-4AB8D2EFF7E1}.Release|x86.Build.0 = Release|Any CPU
		{39342A91-3C18-4F5B-8C7C-EB31A7E3563D}.Debug|Any CPU.ActiveCfg = Debug|Any CPU
		{39342A91-3C18-4F5B-8C7C-EB31A7E3563D}.Debug|Any CPU.Build.0 = Debug|Any CPU
		{39342A91-3C18-4F5B-8C7C-EB31A7E3563D}.Debug|x64.ActiveCfg = Debug|Any CPU
		{39342A91-3C18-4F5B-8C7C-EB31A7E3563D}.Debug|x64.Build.0 = Debug|Any CPU
		{39342A91-3C18-4F5B-8C7C-EB31A7E3563D}.Debug|x86.ActiveCfg = Debug|Any CPU
		{39342A91-3C18-4F5B-8C7C-EB31A7E3563D}.Debug|x86.Build.0 = Debug|Any CPU
		{39342A91-3C18-4F5B-8C7C-EB31A7E3563D}.Release|Any CPU.ActiveCfg = Release|Any CPU
		{39342A91-3C18-4F5B-8C7C-EB31A7E3563D}.Release|Any CPU.Build.0 = Release|Any CPU
		{39342A91-3C18-4F5B-8C7C-EB31A7E3563D}.Release|x64.ActiveCfg = Release|Any CPU
		{39342A91-3C18-4F5B-8C7C-EB31A7E3563D}.Release|x64.Build.0 = Release|Any CPU
		{39342A91-3C18-4F5B-8C7C-EB31A7E3563D}.Release|x86.ActiveCfg = Release|Any CPU
		{39342A91-3C18-4F5B-8C7C-EB31A7E3563D}.Release|x86.Build.0 = Release|Any CPU
		{A07F55E3-BC58-40E8-9135-0B8041CC0700}.Debug|Any CPU.ActiveCfg = Debug|Any CPU
		{A07F55E3-BC58-40E8-9135-0B8041CC0700}.Debug|Any CPU.Build.0 = Debug|Any CPU
		{A07F55E3-BC58-40E8-9135-0B8041CC0700}.Debug|x64.ActiveCfg = Debug|Any CPU
		{A07F55E3-BC58-40E8-9135-0B8041CC0700}.Debug|x64.Build.0 = Debug|Any CPU
		{A07F55E3-BC58-40E8-9135-0B8041CC0700}.Debug|x86.ActiveCfg = Debug|Any CPU
		{A07F55E3-BC58-40E8-9135-0B8041CC0700}.Debug|x86.Build.0 = Debug|Any CPU
		{A07F55E3-BC58-40E8-9135-0B8041CC0700}.Release|Any CPU.ActiveCfg = Release|Any CPU
		{A07F55E3-BC58-40E8-9135-0B8041CC0700}.Release|Any CPU.Build.0 = Release|Any CPU
		{A07F55E3-BC58-40E8-9135-0B8041CC0700}.Release|x64.ActiveCfg = Release|Any CPU
		{A07F55E3-BC58-40E8-9135-0B8041CC0700}.Release|x64.Build.0 = Release|Any CPU
		{A07F55E3-BC58-40E8-9135-0B8041CC0700}.Release|x86.ActiveCfg = Release|Any CPU
		{A07F55E3-BC58-40E8-9135-0B8041CC0700}.Release|x86.Build.0 = Release|Any CPU
		{5257EC2A-BF1E-4F7C-8E3E-69204ADDE22D}.Debug|Any CPU.ActiveCfg = Debug|Any CPU
		{5257EC2A-BF1E-4F7C-8E3E-69204ADDE22D}.Debug|Any CPU.Build.0 = Debug|Any CPU
		{5257EC2A-BF1E-4F7C-8E3E-69204ADDE22D}.Debug|x64.ActiveCfg = Debug|Any CPU
		{5257EC2A-BF1E-4F7C-8E3E-69204ADDE22D}.Debug|x64.Build.0 = Debug|Any CPU
		{5257EC2A-BF1E-4F7C-8E3E-69204ADDE22D}.Debug|x86.ActiveCfg = Debug|Any CPU
		{5257EC2A-BF1E-4F7C-8E3E-69204ADDE22D}.Debug|x86.Build.0 = Debug|Any CPU
		{5257EC2A-BF1E-4F7C-8E3E-69204ADDE22D}.Release|Any CPU.ActiveCfg = Release|Any CPU
		{5257EC2A-BF1E-4F7C-8E3E-69204ADDE22D}.Release|Any CPU.Build.0 = Release|Any CPU
		{5257EC2A-BF1E-4F7C-8E3E-69204ADDE22D}.Release|x64.ActiveCfg = Release|Any CPU
		{5257EC2A-BF1E-4F7C-8E3E-69204ADDE22D}.Release|x64.Build.0 = Release|Any CPU
		{5257EC2A-BF1E-4F7C-8E3E-69204ADDE22D}.Release|x86.ActiveCfg = Release|Any CPU
		{5257EC2A-BF1E-4F7C-8E3E-69204ADDE22D}.Release|x86.Build.0 = Release|Any CPU
		{C8AFFE8C-3ECD-411B-B2B7-91CE24DEF7B7}.Debug|Any CPU.ActiveCfg = Debug|x86
		{C8AFFE8C-3ECD-411B-B2B7-91CE24DEF7B7}.Debug|x64.ActiveCfg = Debug|x64
		{C8AFFE8C-3ECD-411B-B2B7-91CE24DEF7B7}.Debug|x64.Build.0 = Debug|x64
		{C8AFFE8C-3ECD-411B-B2B7-91CE24DEF7B7}.Debug|x86.ActiveCfg = Debug|x86
		{C8AFFE8C-3ECD-411B-B2B7-91CE24DEF7B7}.Debug|x86.Build.0 = Debug|x86
		{C8AFFE8C-3ECD-411B-B2B7-91CE24DEF7B7}.Release|Any CPU.ActiveCfg = Release|x86
		{C8AFFE8C-3ECD-411B-B2B7-91CE24DEF7B7}.Release|x64.ActiveCfg = Release|x64
		{C8AFFE8C-3ECD-411B-B2B7-91CE24DEF7B7}.Release|x64.Build.0 = Release|x64
		{C8AFFE8C-3ECD-411B-B2B7-91CE24DEF7B7}.Release|x86.ActiveCfg = Release|x86
		{C8AFFE8C-3ECD-411B-B2B7-91CE24DEF7B7}.Release|x86.Build.0 = Release|x86
	EndGlobalSection
	GlobalSection(SolutionProperties) = preSolution
		HideSolutionNode = FALSE
	EndGlobalSection
	GlobalSection(ExtensibilityGlobals) = postSolution
		SolutionGuid = {D650F26C-AD03-424B-A816-F53C007D3454}
	EndGlobalSection
EndGlobal
